
Microsoft Visual Studio Solution File, Format Version 12.00
# Visual Studio Version 16
VisualStudioVersion = 16.0.31624.102
MinimumVisualStudioVersion = 10.0.40219.1
Project("{FAE04EC0-301F-11D3-BF4B-00C04F79EFBC}") = "LockedDoor", "LockedDoor.csproj", "{4E1639A9-36F8-416F-8725-1D25A98C6937}"
EndProject
Global
	GlobalSection(SolutionConfigurationPlatforms) = preSolution
		Debug|Any CPU = Debug|Any CPU
		Release|Any CPU = Release|Any CPU
	EndGlobalSection
	GlobalSection(ProjectConfigurationPlatforms) = postSolution
		{4E1639A9-36F8-416F-8725-1D25A98C6937}.Debug|Any CPU.ActiveCfg = Debug|Any CPU
		{4E1639A9-36F8-416F-8725-1D25A98C6937}.Debug|Any CPU.Build.0 = Debug|Any CPU
		{4E1639A9-36F8-416F-8725-1D25A98C6937}.Release|Any CPU.ActiveCfg = Release|Any CPU
		{4E1639A9-36F8-416F-8725-1D25A98C6937}.Release|Any CPU.Build.0 = Release|Any CPU
	EndGlobalSection
	GlobalSection(SolutionProperties) = preSolution
		HideSolutionNode = FALSE
	EndGlobalSection
	GlobalSection(ExtensibilityGlobals) = postSolution
		SolutionGuid = {0C8BE1E1-ED12-4BED-8D3B-C4B113A10B3C}
	EndGlobalSection
EndGlobal
