
Microsoft Visual Studio Solution File, Format Version 12.00
# Visual Studio Version 16
VisualStudioVersion = 16.0.31624.102
MinimumVisualStudioVersion = 10.0.40219.1
Project("{FAE04EC0-301F-11D3-BF4B-00C04F79EFBC}") = "HelloWorld", "HelloWorld.csproj", "{BDCF3DD8-583E-4088-9B5E-3C6B6A85A3E7}"
EndProject
Global
	GlobalSection(SolutionConfigurationPlatforms) = preSolution
		Debug|Any CPU = Debug|Any CPU
		Release|Any CPU = Release|Any CPU
	EndGlobalSection
	GlobalSection(ProjectConfigurationPlatforms) = postSolution
		{BDCF3DD8-583E-4088-9B5E-3C6B6A85A3E7}.Debug|Any CPU.ActiveCfg = Debug|Any CPU
		{BDCF3DD8-583E-4088-9B5E-3C6B6A85A3E7}.Debug|Any CPU.Build.0 = Debug|Any CPU
		{BDCF3DD8-583E-4088-9B5E-3C6B6A85A3E7}.Release|Any CPU.ActiveCfg = Release|Any CPU
		{BDCF3DD8-583E-4088-9B5E-3C6B6A85A3E7}.Release|Any CPU.Build.0 = Release|Any CPU
	EndGlobalSection
	GlobalSection(SolutionProperties) = preSolution
		HideSolutionNode = FALSE
	EndGlobalSection
	GlobalSection(ExtensibilityGlobals) = postSolution
		SolutionGuid = {892F746F-3E3C-4C76-8DC7-64D569D5F1B4}
	EndGlobalSection
EndGlobal
