
Microsoft Visual Studio Solution File, Format Version 12.00
# Visual Studio Version 16
VisualStudioVersion = 16.0.31624.102
MinimumVisualStudioVersion = 10.0.40219.1
Project("{FAE04EC0-301F-11D3-BF4B-00C04F79EFBC}") = "SimulasTest", "SimulasTest.csproj", "{77A754EF-D04C-4BB7-B529-48D6ED8D6480}"
EndProject
Global
	GlobalSection(SolutionConfigurationPlatforms) = preSolution
		Debug|Any CPU = Debug|Any CPU
		Release|Any CPU = Release|Any CPU
	EndGlobalSection
	GlobalSection(ProjectConfigurationPlatforms) = postSolution
		{77A754EF-D04C-4BB7-B529-48D6ED8D6480}.Debug|Any CPU.ActiveCfg = Debug|Any CPU
		{77A754EF-D04C-4BB7-B529-48D6ED8D6480}.Debug|Any CPU.Build.0 = Debug|Any CPU
		{77A754EF-D04C-4BB7-B529-48D6ED8D6480}.Release|Any CPU.ActiveCfg = Release|Any CPU
		{77A754EF-D04C-4BB7-B529-48D6ED8D6480}.Release|Any CPU.Build.0 = Release|Any CPU
	EndGlobalSection
	GlobalSection(SolutionProperties) = preSolution
		HideSolutionNode = FALSE
	EndGlobalSection
	GlobalSection(ExtensibilityGlobals) = postSolution
		SolutionGuid = {10F225DF-8528-4C00-9963-4486E4FD306E}
	EndGlobalSection
EndGlobal
